{
  "name": "campgrounds",
  "version": "1.0.0",
  "lockfileVersion": 1,
  "requires": true,
  "dependencies": {
    "accepts": {
      "version": "https://registry.npmjs.org/accepts/-/accepts-1.3.4.tgz",
      "integrity": "sha1-hiRnWMfdbSGmR0/whKR0DsBesh8=",
      "requires": {
        "mime-types": "https://registry.npmjs.org/mime-types/-/mime-types-2.1.17.tgz",
        "negotiator": "https://registry.npmjs.org/negotiator/-/negotiator-0.6.1.tgz"
      }
    },
    "after": {
      "version": "https://registry.npmjs.org/after/-/after-0.8.2.tgz",
      "integrity": "sha1-/ts5T58OAqqXaOcCvaI7UF+ufh8="
    },
    "array-flatten": {
      "version": "https://registry.npmjs.org/array-flatten/-/array-flatten-1.1.1.tgz",
      "integrity": "sha1-ml9pkFGx5wczKPKgCJaLZOopVdI="
    },
    "arraybuffer.slice": {
      "version": "https://registry.npmjs.org/arraybuffer.slice/-/arraybuffer.slice-0.0.7.tgz",
      "integrity": "sha1-O7xCdd1YTMGxCAm4nU6LY6aednU="
    },
    "async": {
      "version": "https://registry.npmjs.org/async/-/async-2.1.4.tgz",
      "integrity": "sha1-LSFgx3iAMuTdbL4lAvH5osj2zeQ=",
      "requires": {
        "lodash": "https://registry.npmjs.org/lodash/-/lodash-4.17.5.tgz"
      }
    },
    "async-limiter": {
      "version": "https://registry.npmjs.org/async-limiter/-/async-limiter-1.0.0.tgz",
      "integrity": "sha1-ePrtjD0HSrgfIrTphdeehzj3IPg="
    },
    "backo2": {
      "version": "https://registry.npmjs.org/backo2/-/backo2-1.0.2.tgz",
      "integrity": "sha1-MasayLEpNjRj41s+u2n038+6eUc="
    },
    "base64-arraybuffer": {
      "version": "https://registry.npmjs.org/base64-arraybuffer/-/base64-arraybuffer-0.1.5.tgz",
      "integrity": "sha1-c5JncZI7Whl0etZmqlzUv5xunOg="
    },
    "base64id": {
      "version": "https://registry.npmjs.org/base64id/-/base64id-1.0.0.tgz",
      "integrity": "sha1-R2iMuZu2gE8OBtPnY7HDLlfY5rY="
    },
    "better-assert": {
      "version": "https://registry.npmjs.org/better-assert/-/better-assert-1.0.2.tgz",
      "integrity": "sha1-QIZrnhueC1W0gYlDEeaPr/rrxSI=",
      "requires": {
        "callsite": "https://registry.npmjs.org/callsite/-/callsite-1.0.0.tgz"
      }
    },
    "bignumber.js": {
      "version": "4.0.4",
      "resolved": "https://registry.npmjs.org/bignumber.js/-/bignumber.js-4.0.4.tgz",
      "integrity": "sha512-LDXpJKVzEx2/OqNbG9mXBNvHuiRL4PzHCGfnANHMJ+fv68Ads3exDVJeGDJws+AoNEuca93bU3q+S0woeUaCdg=="
    },
    "blob": {
      "version": "https://registry.npmjs.org/blob/-/blob-0.0.4.tgz",
      "integrity": "sha1-vPEwUspURj8w+fx+lbmkdjCpSSE="
    },
    "bluebird": {
      "version": "https://registry.npmjs.org/bluebird/-/bluebird-3.5.0.tgz",
      "integrity": "sha1-eRQg1/VR7qKJdFOop3ZT+WYG1nw="
    },
    "body-parser": {
      "version": "https://registry.npmjs.org/body-parser/-/body-parser-1.18.2.tgz",
      "integrity": "sha1-h2eKGdhLR9hZuDGZvVm84iKxBFQ=",
      "requires": {
        "bytes": "https://registry.npmjs.org/bytes/-/bytes-3.0.0.tgz",
        "content-type": "https://registry.npmjs.org/content-type/-/content-type-1.0.4.tgz",
        "debug": "https://registry.npmjs.org/debug/-/debug-2.6.9.tgz",
        "depd": "https://registry.npmjs.org/depd/-/depd-1.1.2.tgz",
        "http-errors": "https://registry.npmjs.org/http-errors/-/http-errors-1.6.2.tgz",
        "iconv-lite": "https://registry.npmjs.org/iconv-lite/-/iconv-lite-0.4.19.tgz",
        "on-finished": "https://registry.npmjs.org/on-finished/-/on-finished-2.3.0.tgz",
        "qs": "https://registry.npmjs.org/qs/-/qs-6.5.1.tgz",
        "raw-body": "https://registry.npmjs.org/raw-body/-/raw-body-2.3.2.tgz",
        "type-is": "https://registry.npmjs.org/type-is/-/type-is-1.6.15.tgz"
      }
    },
    "bson": {
      "version": "https://registry.npmjs.org/bson/-/bson-1.0.4.tgz",
      "integrity": "sha1-k8ENOeqltYQVy8QFLz5T5WKwtyw="
    },
    "bytes": {
      "version": "https://registry.npmjs.org/bytes/-/bytes-3.0.0.tgz",
      "integrity": "sha1-0ygVQE1olpn4Wk6k+odV3ROpYEg="
    },
    "callsite": {
      "version": "https://registry.npmjs.org/callsite/-/callsite-1.0.0.tgz",
      "integrity": "sha1-KAOY5dZkvXQDi28JBRU+borxvCA="
    },
    "component-bind": {
      "version": "https://registry.npmjs.org/component-bind/-/component-bind-1.0.0.tgz",
      "integrity": "sha1-AMYIq33Nk4l8AAllGx06jh5zu9E="
    },
    "component-emitter": {
      "version": "https://registry.npmjs.org/component-emitter/-/component-emitter-1.2.1.tgz",
      "integrity": "sha1-E3kY1teCg/ffemt8WmPhQOaUJeY="
    },
    "component-inherit": {
      "version": "https://registry.npmjs.org/component-inherit/-/component-inherit-0.0.3.tgz",
      "integrity": "sha1-ZF/ErfWLcrZJ1crmUTVhnbJv8UM="
    },
    "connect-flash": {
      "version": "https://registry.npmjs.org/connect-flash/-/connect-flash-0.1.1.tgz",
      "integrity": "sha1-2GMPJtlaf4UfmVax6MxnMvO2qjA="
    },
    "content-disposition": {
      "version": "https://registry.npmjs.org/content-disposition/-/content-disposition-0.5.2.tgz",
      "integrity": "sha1-DPaLud318r55YcOoUXjLhdunjLQ="
    },
    "content-type": {
      "version": "https://registry.npmjs.org/content-type/-/content-type-1.0.4.tgz",
      "integrity": "sha1-4TjMdeBAxyexlm/l5fjJruJW/js="
    },
    "cookie": {
      "version": "https://registry.npmjs.org/cookie/-/cookie-0.3.1.tgz",
      "integrity": "sha1-5+Ch+e9DtMi6klxcWpboBtFoc7s="
    },
    "cookie-signature": {
      "version": "https://registry.npmjs.org/cookie-signature/-/cookie-signature-1.0.6.tgz",
      "integrity": "sha1-4wOogrNCzD7oylE6eZmXNNqzriw="
    },
    "core-util-is": {
      "version": "1.0.2",
      "resolved": "https://registry.npmjs.org/core-util-is/-/core-util-is-1.0.2.tgz",
      "integrity": "sha1-tf1UIgqivFq1eqtxQMlAdUUDwac="
    },
    "crc": {
      "version": "https://registry.npmjs.org/crc/-/crc-3.4.4.tgz",
      "integrity": "sha1-naHpgOO9RPxck79as9ozeNheRms="
    },
    "debug": {
      "version": "https://registry.npmjs.org/debug/-/debug-2.6.9.tgz",
      "integrity": "sha1-XRKFFd8TT/Mn6QpMk/Tgd6U2NB8=",
      "requires": {
        "ms": "https://registry.npmjs.org/ms/-/ms-2.0.0.tgz"
      }
    },
    "depd": {
      "version": "https://registry.npmjs.org/depd/-/depd-1.1.2.tgz",
      "integrity": "sha1-m81S4UwJd2PnSbJ0xDRu0uVgtak="
    },
    "destroy": {
      "version": "https://registry.npmjs.org/destroy/-/destroy-1.0.4.tgz",
      "integrity": "sha1-l4hXRCxEdJ5CBmE+N5RiBYJqvYA="
    },
    "ee-first": {
      "version": "https://registry.npmjs.org/ee-first/-/ee-first-1.1.1.tgz",
      "integrity": "sha1-WQxhFWsK4vTwJVcyoViyZrxWsh0="
    },
    "ejs": {
      "version": "https://registry.npmjs.org/ejs/-/ejs-2.5.7.tgz",
      "integrity": "sha1-zIcsFoiArjxxiXYv1f/ACJbJUYo="
    },
    "encodeurl": {
      "version": "https://registry.npmjs.org/encodeurl/-/encodeurl-1.0.2.tgz",
      "integrity": "sha1-rT/0yG7C0CkyL1oCw6mmBslbP1k="
    },
    "engine.io": {
      "version": "https://registry.npmjs.org/engine.io/-/engine.io-3.1.5.tgz",
      "integrity": "sha1-Dn751pDrCzVZfx1K0Comyi26OEU=",
      "requires": {
        "accepts": "https://registry.npmjs.org/accepts/-/accepts-1.3.4.tgz",
        "base64id": "https://registry.npmjs.org/base64id/-/base64id-1.0.0.tgz",
        "cookie": "https://registry.npmjs.org/cookie/-/cookie-0.3.1.tgz",
        "debug": "https://registry.npmjs.org/debug/-/debug-3.1.0.tgz",
        "engine.io-parser": "https://registry.npmjs.org/engine.io-parser/-/engine.io-parser-2.1.2.tgz",
        "uws": "https://registry.npmjs.org/uws/-/uws-9.14.0.tgz",
        "ws": "https://registry.npmjs.org/ws/-/ws-3.3.3.tgz"
      },
      "dependencies": {
        "debug": {
          "version": "https://registry.npmjs.org/debug/-/debug-3.1.0.tgz",
          "integrity": "sha1-W7WgZyYotkFJVmuhaBnmFRjGcmE=",
          "requires": {
            "ms": "https://registry.npmjs.org/ms/-/ms-2.0.0.tgz"
          }
        }
      }
    },
    "engine.io-client": {
      "version": "https://registry.npmjs.org/engine.io-client/-/engine.io-client-3.1.5.tgz",
      "integrity": "sha1-hd4XZmVgMn7xgXl49uP4EB3tLEc=",
      "requires": {
        "component-emitter": "https://registry.npmjs.org/component-emitter/-/component-emitter-1.2.1.tgz",
        "component-inherit": "https://registry.npmjs.org/component-inherit/-/component-inherit-0.0.3.tgz",
        "debug": "https://registry.npmjs.org/debug/-/debug-3.1.0.tgz",
        "engine.io-parser": "https://registry.npmjs.org/engine.io-parser/-/engine.io-parser-2.1.2.tgz",
        "has-cors": "https://registry.npmjs.org/has-cors/-/has-cors-1.1.0.tgz",
        "indexof": "https://registry.npmjs.org/indexof/-/indexof-0.0.1.tgz",
        "parseqs": "https://registry.npmjs.org/parseqs/-/parseqs-0.0.5.tgz",
        "parseuri": "https://registry.npmjs.org/parseuri/-/parseuri-0.0.5.tgz",
        "ws": "https://registry.npmjs.org/ws/-/ws-3.3.3.tgz",
        "xmlhttprequest-ssl": "https://registry.npmjs.org/xmlhttprequest-ssl/-/xmlhttprequest-ssl-1.5.5.tgz",
        "yeast": "https://registry.npmjs.org/yeast/-/yeast-0.1.2.tgz"
      },
      "dependencies": {
        "debug": {
          "version": "https://registry.npmjs.org/debug/-/debug-3.1.0.tgz",
          "integrity": "sha1-W7WgZyYotkFJVmuhaBnmFRjGcmE=",
          "requires": {
            "ms": "https://registry.npmjs.org/ms/-/ms-2.0.0.tgz"
          }
        }
      }
    },
    "engine.io-parser": {
      "version": "https://registry.npmjs.org/engine.io-parser/-/engine.io-parser-2.1.2.tgz",
      "integrity": "sha1-TA9M/3mq7su9z96maoI8YIVAkZY=",
      "requires": {
        "after": "https://registry.npmjs.org/after/-/after-0.8.2.tgz",
        "arraybuffer.slice": "https://registry.npmjs.org/arraybuffer.slice/-/arraybuffer.slice-0.0.7.tgz",
        "base64-arraybuffer": "https://registry.npmjs.org/base64-arraybuffer/-/base64-arraybuffer-0.1.5.tgz",
        "blob": "https://registry.npmjs.org/blob/-/blob-0.0.4.tgz",
        "has-binary2": "https://registry.npmjs.org/has-binary2/-/has-binary2-1.0.2.tgz"
      }
    },
    "escape-html": {
      "version": "https://registry.npmjs.org/escape-html/-/escape-html-1.0.3.tgz",
      "integrity": "sha1-Aljq5NPQwJdN4cFpGI7wBR0dGYg="
    },
    "etag": {
      "version": "https://registry.npmjs.org/etag/-/etag-1.8.1.tgz",
      "integrity": "sha1-Qa4u62XvpiJorr/qg6x9eSmbCIc="
    },
    "express": {
      "version": "https://registry.npmjs.org/express/-/express-4.16.2.tgz",
      "integrity": "sha1-41xt/i1kt9ygpc1PIXgb4ymeB2w=",
      "requires": {
        "accepts": "https://registry.npmjs.org/accepts/-/accepts-1.3.4.tgz",
        "array-flatten": "https://registry.npmjs.org/array-flatten/-/array-flatten-1.1.1.tgz",
        "body-parser": "https://registry.npmjs.org/body-parser/-/body-parser-1.18.2.tgz",
        "content-disposition": "https://registry.npmjs.org/content-disposition/-/content-disposition-0.5.2.tgz",
        "content-type": "https://registry.npmjs.org/content-type/-/content-type-1.0.4.tgz",
        "cookie": "https://registry.npmjs.org/cookie/-/cookie-0.3.1.tgz",
        "cookie-signature": "https://registry.npmjs.org/cookie-signature/-/cookie-signature-1.0.6.tgz",
        "debug": "https://registry.npmjs.org/debug/-/debug-2.6.9.tgz",
        "depd": "https://registry.npmjs.org/depd/-/depd-1.1.2.tgz",
        "encodeurl": "https://registry.npmjs.org/encodeurl/-/encodeurl-1.0.2.tgz",
        "escape-html": "https://registry.npmjs.org/escape-html/-/escape-html-1.0.3.tgz",
        "etag": "https://registry.npmjs.org/etag/-/etag-1.8.1.tgz",
        "finalhandler": "https://registry.npmjs.org/finalhandler/-/finalhandler-1.1.0.tgz",
        "fresh": "https://registry.npmjs.org/fresh/-/fresh-0.5.2.tgz",
        "merge-descriptors": "https://registry.npmjs.org/merge-descriptors/-/merge-descriptors-1.0.1.tgz",
        "methods": "https://registry.npmjs.org/methods/-/methods-1.1.2.tgz",
        "on-finished": "https://registry.npmjs.org/on-finished/-/on-finished-2.3.0.tgz",
        "parseurl": "https://registry.npmjs.org/parseurl/-/parseurl-1.3.2.tgz",
        "path-to-regexp": "https://registry.npmjs.org/path-to-regexp/-/path-to-regexp-0.1.7.tgz",
        "proxy-addr": "https://registry.npmjs.org/proxy-addr/-/proxy-addr-2.0.2.tgz",
        "qs": "https://registry.npmjs.org/qs/-/qs-6.5.1.tgz",
        "range-parser": "https://registry.npmjs.org/range-parser/-/range-parser-1.2.0.tgz",
        "safe-buffer": "https://registry.npmjs.org/safe-buffer/-/safe-buffer-5.1.1.tgz",
        "send": "https://registry.npmjs.org/send/-/send-0.16.1.tgz",
        "serve-static": "https://registry.npmjs.org/serve-static/-/serve-static-1.13.1.tgz",
        "setprototypeof": "https://registry.npmjs.org/setprototypeof/-/setprototypeof-1.1.0.tgz",
        "statuses": "https://registry.npmjs.org/statuses/-/statuses-1.3.1.tgz",
        "type-is": "https://registry.npmjs.org/type-is/-/type-is-1.6.15.tgz",
        "utils-merge": "https://registry.npmjs.org/utils-merge/-/utils-merge-1.0.1.tgz",
        "vary": "https://registry.npmjs.org/vary/-/vary-1.1.2.tgz"
      }
    },
    "express-session": {
      "version": "https://registry.npmjs.org/express-session/-/express-session-1.15.6.tgz",
      "integrity": "sha1-R7QWDIj0KrcP6KUI4xy/92dXqwo=",
      "requires": {
        "cookie": "https://registry.npmjs.org/cookie/-/cookie-0.3.1.tgz",
        "cookie-signature": "https://registry.npmjs.org/cookie-signature/-/cookie-signature-1.0.6.tgz",
        "crc": "https://registry.npmjs.org/crc/-/crc-3.4.4.tgz",
        "debug": "https://registry.npmjs.org/debug/-/debug-2.6.9.tgz",
        "depd": "https://registry.npmjs.org/depd/-/depd-1.1.2.tgz",
        "on-headers": "https://registry.npmjs.org/on-headers/-/on-headers-1.0.1.tgz",
        "parseurl": "https://registry.npmjs.org/parseurl/-/parseurl-1.3.2.tgz",
        "uid-safe": "https://registry.npmjs.org/uid-safe/-/uid-safe-2.1.5.tgz",
        "utils-merge": "https://registry.npmjs.org/utils-merge/-/utils-merge-1.0.1.tgz"
      }
    },
    "finalhandler": {
      "version": "https://registry.npmjs.org/finalhandler/-/finalhandler-1.1.0.tgz",
      "integrity": "sha1-zgtoVbRYU+eRsvzGgARtiCU91/U=",
      "requires": {
        "debug": "https://registry.npmjs.org/debug/-/debug-2.6.9.tgz",
        "encodeurl": "https://registry.npmjs.org/encodeurl/-/encodeurl-1.0.2.tgz",
        "escape-html": "https://registry.npmjs.org/escape-html/-/escape-html-1.0.3.tgz",
        "on-finished": "https://registry.npmjs.org/on-finished/-/on-finished-2.3.0.tgz",
        "parseurl": "https://registry.npmjs.org/parseurl/-/parseurl-1.3.2.tgz",
        "statuses": "https://registry.npmjs.org/statuses/-/statuses-1.3.1.tgz",
        "unpipe": "https://registry.npmjs.org/unpipe/-/unpipe-1.0.0.tgz"
      }
    },
    "forwarded": {
      "version": "https://registry.npmjs.org/forwarded/-/forwarded-0.1.2.tgz",
      "integrity": "sha1-mMI9qxF1ZXuMBXPozszZGw/xjIQ="
    },
    "fresh": {
      "version": "https://registry.npmjs.org/fresh/-/fresh-0.5.2.tgz",
      "integrity": "sha1-PYyt2Q2XZWn6g1qx+OSyOhBWBac="
    },
    "generaterr": {
      "version": "https://registry.npmjs.org/generaterr/-/generaterr-1.5.0.tgz",
      "integrity": "sha1-sM62zFFk3yoGEzjMNAqGFTlcUvw="
    },
    "has-binary2": {
      "version": "https://registry.npmjs.org/has-binary2/-/has-binary2-1.0.2.tgz",
      "integrity": "sha1-6D26SfC5vk0CbSc2U1DZ8D9Uvpg=",
      "requires": {
        "isarray": "https://registry.npmjs.org/isarray/-/isarray-2.0.1.tgz"
      }
    },
    "has-cors": {
      "version": "https://registry.npmjs.org/has-cors/-/has-cors-1.1.0.tgz",
      "integrity": "sha1-XkdHk/fqmEPRu5nCPu9J/xJv/zk="
    },
    "http-errors": {
      "version": "https://registry.npmjs.org/http-errors/-/http-errors-1.6.2.tgz",
      "integrity": "sha1-CgAsyFcHGSp+eUbO7cERVfYOxzY=",
      "requires": {
        "depd": "https://registry.npmjs.org/depd/-/depd-1.1.1.tgz",
        "inherits": "https://registry.npmjs.org/inherits/-/inherits-2.0.3.tgz",
        "setprototypeof": "https://registry.npmjs.org/setprototypeof/-/setprototypeof-1.0.3.tgz",
        "statuses": "https://registry.npmjs.org/statuses/-/statuses-1.3.1.tgz"
      },
      "dependencies": {
        "depd": {
          "version": "https://registry.npmjs.org/depd/-/depd-1.1.1.tgz",
          "integrity": "sha1-V4O04cRZ8G+lyif5kfPQbnoxA1k="
        },
        "setprototypeof": {
          "version": "https://registry.npmjs.org/setprototypeof/-/setprototypeof-1.0.3.tgz",
          "integrity": "sha1-ZlZ+NwQ+608E2RvWWMDL77VbjgQ="
        }
      }
    },
    "iconv-lite": {
      "version": "https://registry.npmjs.org/iconv-lite/-/iconv-lite-0.4.19.tgz",
      "integrity": "sha1-90aPYBNfXl2tM5nAqBvpoWA6CCs="
    },
    "indexof": {
      "version": "https://registry.npmjs.org/indexof/-/indexof-0.0.1.tgz",
      "integrity": "sha1-gtwzbSMrkGIXnQWrMpOmYFn9Q10="
    },
    "inherits": {
      "version": "https://registry.npmjs.org/inherits/-/inherits-2.0.3.tgz",
      "integrity": "sha1-Yzwsg+PaQqUC9SRmAiSA9CCCYd4="
    },
    "ipaddr.js": {
      "version": "https://registry.npmjs.org/ipaddr.js/-/ipaddr.js-1.5.2.tgz",
      "integrity": "sha1-1LUFvemUaYfM8PxY2QEP+WB+P6A="
    },
    "isarray": {
      "version": "https://registry.npmjs.org/isarray/-/isarray-2.0.1.tgz",
      "integrity": "sha1-o32U7ZzaLVmGXJ92/llu4fM4dB4="
    },
    "kareem": {
      "version": "https://registry.npmjs.org/kareem/-/kareem-2.0.4.tgz",
      "integrity": "sha1-jmSHM8HkW31coc82w2TieH+JXO0="
    },
    "lodash": {
      "version": "https://registry.npmjs.org/lodash/-/lodash-4.17.5.tgz",
      "integrity": "sha1-maktZcAnLevoyWtgV7yPv6O+1RE="
    },
    "lodash.get": {
      "version": "https://registry.npmjs.org/lodash.get/-/lodash.get-4.4.2.tgz",
      "integrity": "sha1-LRd/ZS+jHpObRDjVNBSZ36OCXpk="
    },
    "media-typer": {
      "version": "https://registry.npmjs.org/media-typer/-/media-typer-0.3.0.tgz",
      "integrity": "sha1-hxDXrwqmJvj/+hzgAWhUUmMlV0g="
    },
    "merge-descriptors": {
      "version": "https://registry.npmjs.org/merge-descriptors/-/merge-descriptors-1.0.1.tgz",
      "integrity": "sha1-sAqqVW3YtEVoFQ7J0blT8/kMu2E="
    },
    "method-override": {
      "version": "https://registry.npmjs.org/method-override/-/method-override-2.3.10.tgz",
      "integrity": "sha1-49r41d7hDdLc59SuiNYrvud0drQ=",
      "requires": {
        "debug": "https://registry.npmjs.org/debug/-/debug-2.6.9.tgz",
        "methods": "https://registry.npmjs.org/methods/-/methods-1.1.2.tgz",
        "parseurl": "https://registry.npmjs.org/parseurl/-/parseurl-1.3.2.tgz",
        "vary": "https://registry.npmjs.org/vary/-/vary-1.1.2.tgz"
      }
    },
    "methods": {
      "version": "https://registry.npmjs.org/methods/-/methods-1.1.2.tgz",
      "integrity": "sha1-VSmk1nZUE07cxSZmVoNbD4Ua/O4="
    },
    "mime": {
      "version": "https://registry.npmjs.org/mime/-/mime-1.4.1.tgz",
      "integrity": "sha1-Eh+evEnjdm8xGnbh+hyAA8SwOqY="
    },
    "mime-db": {
      "version": "https://registry.npmjs.org/mime-db/-/mime-db-1.30.0.tgz",
      "integrity": "sha1-dMZD2i3Z1qRTmZY0ZbJtXKfXHwE="
    },
    "mime-types": {
      "version": "https://registry.npmjs.org/mime-types/-/mime-types-2.1.17.tgz",
      "integrity": "sha1-Cdejk/A+mVp5+K+Fe3Cp4KsWVXo=",
      "requires": {
        "mime-db": "https://registry.npmjs.org/mime-db/-/mime-db-1.30.0.tgz"
      }
    },
    "mongodb": {
      "version": "https://registry.npmjs.org/mongodb/-/mongodb-3.0.2.tgz",
      "integrity": "sha1-KBcjAu1Ok4jYCR4sxGGAV+b13rw=",
      "requires": {
        "mongodb-core": "https://registry.npmjs.org/mongodb-core/-/mongodb-core-3.0.2.tgz"
      }
    },
    "mongodb-core": {
      "version": "https://registry.npmjs.org/mongodb-core/-/mongodb-core-3.0.2.tgz",
      "integrity": "sha1-kUiWCS3UVCfZpPmKeZegv7gdFjs=",
      "requires": {
        "bson": "https://registry.npmjs.org/bson/-/bson-1.0.4.tgz",
        "require_optional": "https://registry.npmjs.org/require_optional/-/require_optional-1.0.1.tgz"
      }
    },
    "mongoose": {
      "version": "https://registry.npmjs.org/mongoose/-/mongoose-5.0.5.tgz",
      "integrity": "sha1-GSd3Q+/kXvF4uUBQqtlDOOfj6e4=",
      "requires": {
        "async": "https://registry.npmjs.org/async/-/async-2.1.4.tgz",
        "bson": "https://registry.npmjs.org/bson/-/bson-1.0.4.tgz",
        "kareem": "https://registry.npmjs.org/kareem/-/kareem-2.0.4.tgz",
        "lodash.get": "https://registry.npmjs.org/lodash.get/-/lodash.get-4.4.2.tgz",
        "mongodb": "https://registry.npmjs.org/mongodb/-/mongodb-3.0.2.tgz",
        "mongoose-legacy-pluralize": "https://registry.npmjs.org/mongoose-legacy-pluralize/-/mongoose-legacy-pluralize-1.0.2.tgz",
        "mpath": "https://registry.npmjs.org/mpath/-/mpath-0.3.0.tgz",
        "mquery": "https://registry.npmjs.org/mquery/-/mquery-3.0.0.tgz",
        "ms": "https://registry.npmjs.org/ms/-/ms-2.0.0.tgz",
        "regexp-clone": "https://registry.npmjs.org/regexp-clone/-/regexp-clone-0.0.1.tgz",
        "sliced": "https://registry.npmjs.org/sliced/-/sliced-1.0.1.tgz"
      }
    },
    "mongoose-legacy-pluralize": {
      "version": "https://registry.npmjs.org/mongoose-legacy-pluralize/-/mongoose-legacy-pluralize-1.0.2.tgz",
      "integrity": "sha1-O6n5H6UHtRhtOZ+0CFS/8Y+1Y+Q="
    },
    "mpath": {
      "version": "https://registry.npmjs.org/mpath/-/mpath-0.3.0.tgz",
      "integrity": "sha1-elj3iem1/TyUUgY0FXlg8mvV70Q="
    },
    "mquery": {
      "version": "https://registry.npmjs.org/mquery/-/mquery-3.0.0.tgz",
      "integrity": "sha1-5fOH26vAubaYWeVQ6BD6q+DOq7A=",
      "requires": {
        "bluebird": "https://registry.npmjs.org/bluebird/-/bluebird-3.5.0.tgz",
        "debug": "https://registry.npmjs.org/debug/-/debug-2.6.9.tgz",
        "regexp-clone": "https://registry.npmjs.org/regexp-clone/-/regexp-clone-0.0.1.tgz",
        "sliced": "https://registry.npmjs.org/sliced/-/sliced-0.0.5.tgz"
      },
      "dependencies": {
        "sliced": {
          "version": "https://registry.npmjs.org/sliced/-/sliced-0.0.5.tgz",
          "integrity": "sha1-XtwETKTrb3gW1Qui/GPiXY/kcH8="
        }
      }
    },
    "ms": {
      "version": "https://registry.npmjs.org/ms/-/ms-2.0.0.tgz",
      "integrity": "sha1-VgiurfwAvmwpAd9fmGF4jeDVl8g="
    },
    "mysql": {
      "version": "2.15.0",
      "resolved": "https://registry.npmjs.org/mysql/-/mysql-2.15.0.tgz",
      "integrity": "sha512-C7tjzWtbN5nzkLIV+E8Crnl9bFyc7d3XJcBAvHKEVkjrYjogz3llo22q6s/hw+UcsE4/844pDob9ac+3dVjQSA==",
      "requires": {
        "bignumber.js": "4.0.4",
        "readable-stream": "2.3.3",
        "safe-buffer": "https://registry.npmjs.org/safe-buffer/-/safe-buffer-5.1.1.tgz",
        "sqlstring": "2.3.0"
      }
    },
    "negotiator": {
      "version": "https://registry.npmjs.org/negotiator/-/negotiator-0.6.1.tgz",
      "integrity": "sha1-KzJxhOiZIQEXeyhWP7XnECrNDKk="
    },
    "object-component": {
      "version": "https://registry.npmjs.org/object-component/-/object-component-0.0.3.tgz",
      "integrity": "sha1-8MaapQ78lbhmwYb0AKM3acsvEpE="
    },
    "on-finished": {
      "version": "https://registry.npmjs.org/on-finished/-/on-finished-2.3.0.tgz",
      "integrity": "sha1-IPEzZIGwg811M3mSoWlxqi2QaUc=",
      "requires": {
        "ee-first": "https://registry.npmjs.org/ee-first/-/ee-first-1.1.1.tgz"
      }
    },
    "on-headers": {
      "version": "https://registry.npmjs.org/on-headers/-/on-headers-1.0.1.tgz",
      "integrity": "sha1-ko9dD0cNSTQmUepnlLCFfBAGk/c="
    },
    "parseqs": {
      "version": "https://registry.npmjs.org/parseqs/-/parseqs-0.0.5.tgz",
      "integrity": "sha1-1SCKNzjkZ2bikbouoXNoSSGouJ0=",
      "requires": {
        "better-assert": "https://registry.npmjs.org/better-assert/-/better-assert-1.0.2.tgz"
      }
    },
    "parseuri": {
      "version": "https://registry.npmjs.org/parseuri/-/parseuri-0.0.5.tgz",
      "integrity": "sha1-gCBKUNTbt3m/3G6+J3jZDkvOMgo=",
      "requires": {
        "better-assert": "https://registry.npmjs.org/better-assert/-/better-assert-1.0.2.tgz"
      }
    },
    "parseurl": {
      "version": "https://registry.npmjs.org/parseurl/-/parseurl-1.3.2.tgz",
      "integrity": "sha1-/CidTtiZMRlGDBViUyYs3I3mW/M="
    },
    "passport": {
      "version": "https://registry.npmjs.org/passport/-/passport-0.4.0.tgz",
      "integrity": "sha1-xQlWkTR71a07XhgCOMORTRbwWBE=",
      "requires": {
        "passport-strategy": "https://registry.npmjs.org/passport-strategy/-/passport-strategy-1.0.0.tgz",
        "pause": "https://registry.npmjs.org/pause/-/pause-0.0.1.tgz"
      }
    },
    "passport-local": {
      "version": "https://registry.npmjs.org/passport-local/-/passport-local-1.0.0.tgz",
      "integrity": "sha1-H+YyaMkudWBmJkN+O5BmYsFbpu4=",
      "requires": {
        "passport-strategy": "https://registry.npmjs.org/passport-strategy/-/passport-strategy-1.0.0.tgz"
      }
    },
    "passport-local-mongoose": {
      "version": "https://registry.npmjs.org/passport-local-mongoose/-/passport-local-mongoose-4.5.0.tgz",
      "integrity": "sha1-HEOv11g3HgBcWuyngNYSCwd+YGU=",
      "requires": {
        "debug": "https://registry.npmjs.org/debug/-/debug-3.1.0.tgz",
        "generaterr": "https://registry.npmjs.org/generaterr/-/generaterr-1.5.0.tgz",
        "passport-local": "https://registry.npmjs.org/passport-local/-/passport-local-1.0.0.tgz",
        "scmp": "https://registry.npmjs.org/scmp/-/scmp-2.0.0.tgz",
        "semver": "https://registry.npmjs.org/semver/-/semver-5.5.0.tgz"
      },
      "dependencies": {
        "debug": {
          "version": "https://registry.npmjs.org/debug/-/debug-3.1.0.tgz",
          "integrity": "sha1-W7WgZyYotkFJVmuhaBnmFRjGcmE=",
          "requires": {
            "ms": "https://registry.npmjs.org/ms/-/ms-2.0.0.tgz"
          }
        }
      }
    },
    "passport-strategy": {
      "version": "https://registry.npmjs.org/passport-strategy/-/passport-strategy-1.0.0.tgz",
      "integrity": "sha1-tVOaqPwiWj0a0XlHbd8ja0QPUuQ="
    },
    "path-to-regexp": {
      "version": "https://registry.npmjs.org/path-to-regexp/-/path-to-regexp-0.1.7.tgz",
      "integrity": "sha1-32BBeABfUi8V60SQ5yR6G/qmf4w="
    },
    "pause": {
      "version": "https://registry.npmjs.org/pause/-/pause-0.0.1.tgz",
      "integrity": "sha1-HUCLP9t2kjuVQ9lvtMnf1TXZy10="
    },
    "process-nextick-args": {
      "version": "1.0.7",
      "resolved": "https://registry.npmjs.org/process-nextick-args/-/process-nextick-args-1.0.7.tgz",
      "integrity": "sha1-FQ4gt1ZZCtP5EJPyWk8q2L/zC6M="
    },
    "proxy-addr": {
      "version": "https://registry.npmjs.org/proxy-addr/-/proxy-addr-2.0.2.tgz",
      "integrity": "sha1-ZXFQT0e7mI7IGAJT+F3X4UlSvew=",
      "requires": {
        "forwarded": "https://registry.npmjs.org/forwarded/-/forwarded-0.1.2.tgz",
        "ipaddr.js": "https://registry.npmjs.org/ipaddr.js/-/ipaddr.js-1.5.2.tgz"
      }
    },
    "qs": {
      "version": "https://registry.npmjs.org/qs/-/qs-6.5.1.tgz",
      "integrity": "sha1-NJzfbu+J7EXBLX1es/wMhwNDptg="
    },
    "random-bytes": {
      "version": "https://registry.npmjs.org/random-bytes/-/random-bytes-1.0.0.tgz",
      "integrity": "sha1-T2ih3Arli9P7lYSMMDJNt11kNgs="
    },
    "range-parser": {
      "version": "https://registry.npmjs.org/range-parser/-/range-parser-1.2.0.tgz",
      "integrity": "sha1-9JvmtIeJTdxA3MlKMi9hEJLgDV4="
    },
    "raw-body": {
      "version": "https://registry.npmjs.org/raw-body/-/raw-body-2.3.2.tgz",
      "integrity": "sha1-vNYMd9Prk83gBQKVw/N5OJvIj4k=",
      "requires": {
        "bytes": "https://registry.npmjs.org/bytes/-/bytes-3.0.0.tgz",
        "http-errors": "https://registry.npmjs.org/http-errors/-/http-errors-1.6.2.tgz",
        "iconv-lite": "https://registry.npmjs.org/iconv-lite/-/iconv-lite-0.4.19.tgz",
        "unpipe": "https://registry.npmjs.org/unpipe/-/unpipe-1.0.0.tgz"
      }
    },
    "readable-stream": {
      "version": "2.3.3",
      "resolved": "https://registry.npmjs.org/readable-stream/-/readable-stream-2.3.3.tgz",
      "integrity": "sha512-m+qzzcn7KUxEmd1gMbchF+Y2eIUbieUaxkWtptyHywrX0rE8QEYqPC07Vuy4Wm32/xE16NcdBctb8S0Xe/5IeQ==",
      "requires": {
        "core-util-is": "1.0.2",
        "inherits": "https://registry.npmjs.org/inherits/-/inherits-2.0.3.tgz",
        "isarray": "1.0.0",
        "process-nextick-args": "1.0.7",
        "safe-buffer": "https://registry.npmjs.org/safe-buffer/-/safe-buffer-5.1.1.tgz",
        "string_decoder": "1.0.3",
        "util-deprecate": "1.0.2"
      },
      "dependencies": {
        "isarray": {
          "version": "1.0.0",
          "resolved": "https://registry.npmjs.org/isarray/-/isarray-1.0.0.tgz",
          "integrity": "sha1-u5NdSFgsuhaMBoNJV6VKPgcSTxE="
        }
      }
    },
    "regexp-clone": {
      "version": "https://registry.npmjs.org/regexp-clone/-/regexp-clone-0.0.1.tgz",
      "integrity": "sha1-p8LgmJH9vzj7sQ03b7cwA+aKxYk="
    },
    "require_optional": {
      "version": "https://registry.npmjs.org/require_optional/-/require_optional-1.0.1.tgz",
      "integrity": "sha1-TPNaQkf2TKPfjC7yCMxJSxyo/C4=",
      "requires": {
        "resolve-from": "https://registry.npmjs.org/resolve-from/-/resolve-from-2.0.0.tgz",
        "semver": "https://registry.npmjs.org/semver/-/semver-5.5.0.tgz"
      }
    },
    "resolve-from": {
      "version": "https://registry.npmjs.org/resolve-from/-/resolve-from-2.0.0.tgz",
      "integrity": "sha1-lICrIOlP+h2egKgEx+oUdhGWa1c="
    },
    "safe-buffer": {
      "version": "https://registry.npmjs.org/safe-buffer/-/safe-buffer-5.1.1.tgz",
      "integrity": "sha1-iTMSr2myEj3vcfV4iQAWce6yyFM="
    },
    "scmp": {
      "version": "https://registry.npmjs.org/scmp/-/scmp-2.0.0.tgz",
      "integrity": "sha1-JHEQ7yLM+JexOj8KvdtSeCOTzWo="
    },
    "semver": {
      "version": "https://registry.npmjs.org/semver/-/semver-5.5.0.tgz",
      "integrity": "sha1-3Eu8emyp2Rbe5dQ1FvAJK1j3uKs="
    },
    "send": {
      "version": "https://registry.npmjs.org/send/-/send-0.16.1.tgz",
      "integrity": "sha1-pw4coh0TgsEdDZ9iMd6ygQgNerM=",
      "requires": {
        "debug": "https://registry.npmjs.org/debug/-/debug-2.6.9.tgz",
        "depd": "https://registry.npmjs.org/depd/-/depd-1.1.2.tgz",
        "destroy": "https://registry.npmjs.org/destroy/-/destroy-1.0.4.tgz",
        "encodeurl": "https://registry.npmjs.org/encodeurl/-/encodeurl-1.0.2.tgz",
        "escape-html": "https://registry.npmjs.org/escape-html/-/escape-html-1.0.3.tgz",
        "etag": "https://registry.npmjs.org/etag/-/etag-1.8.1.tgz",
        "fresh": "https://registry.npmjs.org/fresh/-/fresh-0.5.2.tgz",
        "http-errors": "https://registry.npmjs.org/http-errors/-/http-errors-1.6.2.tgz",
        "mime": "https://registry.npmjs.org/mime/-/mime-1.4.1.tgz",
        "ms": "https://registry.npmjs.org/ms/-/ms-2.0.0.tgz",
        "on-finished": "https://registry.npmjs.org/on-finished/-/on-finished-2.3.0.tgz",
        "range-parser": "https://registry.npmjs.org/range-parser/-/range-parser-1.2.0.tgz",
        "statuses": "https://registry.npmjs.org/statuses/-/statuses-1.3.1.tgz"
      }
    },
    "serve-static": {
      "version": "https://registry.npmjs.org/serve-static/-/serve-static-1.13.1.tgz",
      "integrity": "sha1-TFfVNASnYdjy58HooYpH2/J4pxk=",
      "requires": {
        "encodeurl": "https://registry.npmjs.org/encodeurl/-/encodeurl-1.0.2.tgz",
        "escape-html": "https://registry.npmjs.org/escape-html/-/escape-html-1.0.3.tgz",
        "parseurl": "https://registry.npmjs.org/parseurl/-/parseurl-1.3.2.tgz",
        "send": "https://registry.npmjs.org/send/-/send-0.16.1.tgz"
      }
    },
    "setprototypeof": {
      "version": "https://registry.npmjs.org/setprototypeof/-/setprototypeof-1.1.0.tgz",
      "integrity": "sha1-0L2FU2iHtv58DYGMuWLZ2RxU5lY="
    },
    "sliced": {
      "version": "https://registry.npmjs.org/sliced/-/sliced-1.0.1.tgz",
      "integrity": "sha1-CzpmK10Ewxd7GSa+qCsD+Dei70E="
    },
    "slug": {
      "version": "0.9.1",
      "resolved": "https://registry.npmjs.org/slug/-/slug-0.9.1.tgz",
      "integrity": "sha1-rwj2CKfBFRa2F3iqgA3OhMUYz9o=",
      "requires": {
        "unicode": "10.0.0"
      }
    },
    "socket.io": {
      "version": "https://registry.npmjs.org/socket.io/-/socket.io-2.0.4.tgz",
      "integrity": "sha1-waRZDO/4fs8TxyZS8Eb3FrKeYBQ=",
      "requires": {
        "debug": "https://registry.npmjs.org/debug/-/debug-2.6.9.tgz",
        "engine.io": "https://registry.npmjs.org/engine.io/-/engine.io-3.1.5.tgz",
        "socket.io-adapter": "https://registry.npmjs.org/socket.io-adapter/-/socket.io-adapter-1.1.1.tgz",
        "socket.io-client": "https://registry.npmjs.org/socket.io-client/-/socket.io-client-2.0.4.tgz",
        "socket.io-parser": "https://registry.npmjs.org/socket.io-parser/-/socket.io-parser-3.1.2.tgz"
      }
    },
    "socket.io-adapter": {
      "version": "https://registry.npmjs.org/socket.io-adapter/-/socket.io-adapter-1.1.1.tgz",
      "integrity": "sha1-KoBeihTWNyEk3ZFZrUUC+MsH8Gs="
    },
    "socket.io-client": {
      "version": "https://registry.npmjs.org/socket.io-client/-/socket.io-client-2.0.4.tgz",
      "integrity": "sha1-CRilUkBtxeVAs4Dc2Xr8SmQzL44=",
      "requires": {
        "backo2": "https://registry.npmjs.org/backo2/-/backo2-1.0.2.tgz",
        "base64-arraybuffer": "https://registry.npmjs.org/base64-arraybuffer/-/base64-arraybuffer-0.1.5.tgz",
        "component-bind": "https://registry.npmjs.org/component-bind/-/component-bind-1.0.0.tgz",
        "component-emitter": "https://registry.npmjs.org/component-emitter/-/component-emitter-1.2.1.tgz",
        "debug": "https://registry.npmjs.org/debug/-/debug-2.6.9.tgz",
        "engine.io-client": "https://registry.npmjs.org/engine.io-client/-/engine.io-client-3.1.5.tgz",
        "has-cors": "https://registry.npmjs.org/has-cors/-/has-cors-1.1.0.tgz",
        "indexof": "https://registry.npmjs.org/indexof/-/indexof-0.0.1.tgz",
        "object-component": "https://registry.npmjs.org/object-component/-/object-component-0.0.3.tgz",
        "parseqs": "https://registry.npmjs.org/parseqs/-/parseqs-0.0.5.tgz",
        "parseuri": "https://registry.npmjs.org/parseuri/-/parseuri-0.0.5.tgz",
        "socket.io-parser": "https://registry.npmjs.org/socket.io-parser/-/socket.io-parser-3.1.2.tgz",
        "to-array": "https://registry.npmjs.org/to-array/-/to-array-0.1.4.tgz"
      }
    },
    "socket.io-parser": {
      "version": "https://registry.npmjs.org/socket.io-parser/-/socket.io-parser-3.1.2.tgz",
      "integrity": "sha1-28IoIVH8T6675Aru3Ady66YZ9/I=",
      "requires": {
        "component-emitter": "https://registry.npmjs.org/component-emitter/-/component-emitter-1.2.1.tgz",
        "debug": "https://registry.npmjs.org/debug/-/debug-2.6.9.tgz",
        "has-binary2": "https://registry.npmjs.org/has-binary2/-/has-binary2-1.0.2.tgz",
        "isarray": "https://registry.npmjs.org/isarray/-/isarray-2.0.1.tgz"
      }
    },
    "sqlstring": {
      "version": "2.3.0",
      "resolved": "https://registry.npmjs.org/sqlstring/-/sqlstring-2.3.0.tgz",
      "integrity": "sha1-UluKT9Jtb3GqYegipsr5dtMa0qg="
    },
    "statuses": {
      "version": "https://registry.npmjs.org/statuses/-/statuses-1.3.1.tgz",
      "integrity": "sha1-+vUbnrdKrvOzrPStX2Gr8ky3uT4="
    },
    "string_decoder": {
      "version": "1.0.3",
      "resolved": "https://registry.npmjs.org/string_decoder/-/string_decoder-1.0.3.tgz",
      "integrity": "sha512-4AH6Z5fzNNBcH+6XDMfA/BTt87skxqJlO0lAh3Dker5zThcAxG6mKz+iGu308UKoPPQ8Dcqx/4JhujzltRa+hQ==",
      "requires": {
        "safe-buffer": "https://registry.npmjs.org/safe-buffer/-/safe-buffer-5.1.1.tgz"
      }
    },
    "to-array": {
      "version": "https://registry.npmjs.org/to-array/-/to-array-0.1.4.tgz",
      "integrity": "sha1-F+bBH3PdTz10zaek/zI46a2b+JA="
    },
    "type-is": {
      "version": "https://registry.npmjs.org/type-is/-/type-is-1.6.15.tgz",
      "integrity": "sha1-yrEPtJCeRByChC6v4a1kbIGARBA=",
      "requires": {
        "media-typer": "https://registry.npmjs.org/media-typer/-/media-typer-0.3.0.tgz",
        "mime-types": "https://registry.npmjs.org/mime-types/-/mime-types-2.1.17.tgz"
      }
    },
    "uid-safe": {
      "version": "https://registry.npmjs.org/uid-safe/-/uid-safe-2.1.5.tgz",
      "integrity": "sha1-Kz1cckDo/C5Y+Komnl7knAhXvTo=",
      "requires": {
        "random-bytes": "https://registry.npmjs.org/random-bytes/-/random-bytes-1.0.0.tgz"
      }
    },
    "ultron": {
      "version": "https://registry.npmjs.org/ultron/-/ultron-1.1.1.tgz",
      "integrity": "sha1-n+FTahCmZKZSZqHjzPhf02MCvJw="
    },
    "unicode": {
      "version": "10.0.0",
      "resolved": "https://registry.npmjs.org/unicode/-/unicode-10.0.0.tgz",
      "integrity": "sha1-5dUcHbk7bHGguHngsMSvfm/faI4="
    },
    "unpipe": {
      "version": "https://registry.npmjs.org/unpipe/-/unpipe-1.0.0.tgz",
      "integrity": "sha1-sr9O6FFKrmFltIF4KdIbLvSZBOw="
    },
    "util-deprecate": {
      "version": "1.0.2",
      "resolved": "https://registry.npmjs.org/util-deprecate/-/util-deprecate-1.0.2.tgz",
      "integrity": "sha1-RQ1Nyfpw3nMnYvvS1KKJgUGaDM8="
    },
    "utils-merge": {
      "version": "https://registry.npmjs.org/utils-merge/-/utils-merge-1.0.1.tgz",
      "integrity": "sha1-n5VxD1CiZ5R7LMwSR0HBAoQn5xM="
    },
    "uws": {
      "version": "https://registry.npmjs.org/uws/-/uws-9.14.0.tgz",
      "integrity": "sha1-+sg4a+/DOno3BcvVjcR7Qwyk3ZU=",
      "optional": true
    },
    "vary": {
      "version": "https://registry.npmjs.org/vary/-/vary-1.1.2.tgz",
      "integrity": "sha1-IpnwLG3tMNSllhsLn3RSShj2NPw="
    },
    "ws": {
      "version": "https://registry.npmjs.org/ws/-/ws-3.3.3.tgz",
      "integrity": "sha1-8c+E/i1ekB686U767OeF8YeiKPI=",
      "requires": {
        "async-limiter": "https://registry.npmjs.org/async-limiter/-/async-limiter-1.0.0.tgz",
        "safe-buffer": "https://registry.npmjs.org/safe-buffer/-/safe-buffer-5.1.1.tgz",
        "ultron": "https://registry.npmjs.org/ultron/-/ultron-1.1.1.tgz"
      }
    },
    "xmlhttprequest-ssl": {
      "version": "https://registry.npmjs.org/xmlhttprequest-ssl/-/xmlhttprequest-ssl-1.5.5.tgz",
      "integrity": "sha1-wodrBhaKrcQOV9l+gRkayPQ5iz4="
    },
    "yeast": {
      "version": "https://registry.npmjs.org/yeast/-/yeast-0.1.2.tgz",
      "integrity": "sha1-AI4G2AlDIMNy28L47XagymyKxBk="
    }
  }
}
